
Microsoft Visual Studio Solution File, Format Version 12.00
# Visual Studio Version 17
VisualStudioVersion = 17.5.33516.290
MinimumVisualStudioVersion = 10.0.40219.1
Project("{9A19103F-16F7-4668-BE54-9A1E7A4F7556}") = "Ex01", "Ex01.csproj", "{8334F9C1-97C0-4BA5-AC08-B48DBAA18424}"
EndProject
Global
	GlobalSection(SolutionConfigurationPlatforms) = preSolution
		Debug|Any CPU = Debug|Any CPU
		Release|Any CPU = Release|Any CPU
	EndGlobalSection
	GlobalSection(ProjectConfigurationPlatforms) = postSolution
		{8334F9C1-97C0-4BA5-AC08-B48DBAA18424}.Debug|Any CPU.ActiveCfg = Debug|Any CPU
		{8334F9C1-97C0-4BA5-AC08-B48DBAA18424}.Debug|Any CPU.Build.0 = Debug|Any CPU
		{8334F9C1-97C0-4BA5-AC08-B48DBAA18424}.Release|Any CPU.ActiveCfg = Release|Any CPU
		{8334F9C1-97C0-4BA5-AC08-B48DBAA18424}.Release|Any CPU.Build.0 = Release|Any CPU
	EndGlobalSection
	GlobalSection(SolutionProperties) = preSolution
		HideSolutionNode = FALSE
	EndGlobalSection
	GlobalSection(ExtensibilityGlobals) = postSolution
		SolutionGuid = {F0378501-1D17-43FB-ABD1-000113588D25}
	EndGlobalSection
EndGlobal
